#MicroXplorer Configuration settings - do not modify
CAD.formats=
CAD.pinconfig=
CAD.provider=
File.Version=6
I2C2.I2C_Speed_Mode=I2C_Fast
I2C2.IPParameters=I2C_Speed_Mode,Timing
I2C2.Timing=0x0000020B
KeepUserPlacement=false
Mcu.CPN=STM32F072RBT6
Mcu.Family=STM32F0
Mcu.IP0=I2C2
Mcu.IP1=NVIC
Mcu.IP2=RCC
Mcu.IP3=SYS
Mcu.IP4=TOUCHSENSING
Mcu.IP5=TSC
Mcu.IPNb=6
Mcu.Name=STM32F072R(8-B)Tx
Mcu.Package=LQFP64
Mcu.Pin0=PA0
Mcu.Pin1=PA1
Mcu.Pin2=PA6
Mcu.Pin3=PA7
Mcu.Pin4=PB13
Mcu.Pin5=PB14
Mcu.Pin6=PB3
Mcu.Pin7=PB4
Mcu.Pin8=VP_SYS_VS_Systick
Mcu.Pin9=VP_TOUCHSENSING_VS_TOUCHSENSING
Mcu.PinsNb=10
Mcu.ThirdPartyNb=0
Mcu.UserConstants=
Mcu.UserName=STM32F072RBTx
MxCube.Version=6.14.0
MxDb.Version=DB.6.0.140
NVIC.ForceEnableDMAVector=true
NVIC.HardFault_IRQn=true\:0\:0\:false\:false\:true\:false\:false\:false
NVIC.NonMaskableInt_IRQn=true\:0\:0\:false\:false\:true\:false\:false\:false
NVIC.PendSV_IRQn=true\:0\:0\:false\:false\:true\:false\:false\:false
NVIC.SVC_IRQn=true\:0\:0\:false\:false\:true\:false\:false\:true
NVIC.SysTick_IRQn=true\:3\:0\:false\:false\:true\:false\:true\:false
PA0.Mode=G1_IO1-Sampling
PA0.Signal=TSC_G1_IO1
PA1.Mode=G1_IO2-Channel
PA1.Signal=TSC_G1_IO2
PA6.Mode=G2_IO3-Sampling
PA6.Signal=TSC_G2_IO3
PA7.Mode=G2_IO4-Channel
PA7.Signal=TSC_G2_IO4
PB13.Locked=true
PB13.Mode=I2C
PB13.Signal=I2C2_SCL
PB14.Locked=true
PB14.Mode=I2C
PB14.Signal=I2C2_SDA
PB3.Mode=G5_IO1-Sampling
PB3.Signal=TSC_G5_IO1
PB4.Mode=G5_IO2-Channel
PB4.Signal=TSC_G5_IO2
PinOutPanel.RotationAngle=0
ProjectManager.AskForMigrate=true
ProjectManager.BackupPrevious=false
ProjectManager.CompilerLinker=GCC
ProjectManager.CompilerOptimize=6
ProjectManager.ComputerToolchain=false
ProjectManager.CoupleFile=false
ProjectManager.CustomerFirmwarePackage=
ProjectManager.DefaultFWLocation=true
ProjectManager.DeletePrevious=true
ProjectManager.DeviceId=STM32F072RBTx
ProjectManager.FirmwarePackage=STM32Cube FW_F0 V1.11.5
ProjectManager.FreePins=false
ProjectManager.HalAssertFull=false
ProjectManager.HeapSize=0x200
ProjectManager.KeepUserCode=true
ProjectManager.LastFirmware=true
ProjectManager.LibraryCopy=1
ProjectManager.MainLocation=Core/Src
ProjectManager.NoMain=false
ProjectManager.PreviousToolchain=
ProjectManager.ProjectBuild=false
ProjectManager.ProjectFileName=TSC3.4.ioc
ProjectManager.ProjectName=TSC3.4
ProjectManager.ProjectStructure=
ProjectManager.RegisterCallBack=
ProjectManager.StackSize=0x400
ProjectManager.TargetToolchain=STM32CubeIDE
ProjectManager.ToolChainLocation=
ProjectManager.UAScriptAfterPath=
ProjectManager.UAScriptBeforePath=
ProjectManager.UnderRoot=true
ProjectManager.functionlistsort=1-SystemClock_Config-RCC-false-HAL-false,2-MX_GPIO_Init-GPIO-false-HAL-true,3-MX_TSC_Init-TSC-false-HAL-true,4-MX_TOUCHSENSING_Init-TOUCHSENSING-false-HAL-false
RCC.CECFreq_Value=32786.88524590164
RCC.FamilyName=M
RCC.HSICECFreq_Value=32786.88524590164
RCC.IPParameters=CECFreq_Value,FamilyName,HSICECFreq_Value,PLLCLKFreq_Value,PLLMCOFreq_Value,TimSysFreq_Value,VCOOutput2Freq_Value
RCC.PLLCLKFreq_Value=16000000
RCC.PLLMCOFreq_Value=16000000
RCC.TimSysFreq_Value=8000000
RCC.VCOOutput2Freq_Value=8000000
TOUCHSENSING.IO_TOUCHKEY_B1=G1_IO2
TOUCHSENSING.IO_TOUCHKEY_B2=G2_IO4
TOUCHSENSING.IO_TOUCHKEY_B3=G5_IO2
TOUCHSENSING.IPParameters=TSLPRM_TOTAL_TOUCHKEYS_B,IO_TOUCHKEY_B1,IO_TOUCHKEY_B2,IO_TOUCHKEY_B3,TSLPRM_SENSORS_DATAS
TOUCHSENSING.TSLPRM_SENSORS_DATAS=TSLPRM_TOTAL_TOUCHKEYS_B 1 3 
TOUCHSENSING.TSLPRM_TOTAL_TOUCHKEYS_B=3
TSC.ChannelIOs-G1_IO2=TSC_GROUP1_IO2
TSC.ChannelIOs-G2_IO4=TSC_GROUP2_IO4
TSC.ChannelIOs-G5_IO2=TSC_GROUP5_IO2
TSC.IPParameters=SamplingIOs-G1_IO1,ChannelIOs-G1_IO2,SamplingIOs-G2_IO3,ChannelIOs-G2_IO4,SamplingIOs-G5_IO1,ChannelIOs-G5_IO2
TSC.SamplingIOs-G1_IO1=TSC_GROUP1_IO1
TSC.SamplingIOs-G2_IO3=TSC_GROUP2_IO3
TSC.SamplingIOs-G5_IO1=TSC_GROUP5_IO1
VP_SYS_VS_Systick.Mode=SysTick
VP_SYS_VS_Systick.Signal=SYS_VS_Systick
VP_TOUCHSENSING_VS_TOUCHSENSING.Mode=TouchSensing_Enabled
VP_TOUCHSENSING_VS_TOUCHSENSING.Signal=TOUCHSENSING_VS_TOUCHSENSING
board=custom
isbadioc=false
